
Microsoft Visual Studio Solution File, Format Version 12.00
# Visual Studio Version 17
VisualStudioVersion = 17.12.35514.174
MinimumVisualStudioVersion = 10.0.40219.1
Project("{FAE04EC0-301F-11D3-BF4B-00C04F79EFBC}") = "01_MVC_Core_Introduction", "01_MVC_Core_Introduction\01_MVC_Core_Introduction.csproj", "{49A93017-BFD6-413B-88DF-0D96F1A0989E}"
EndProject
Project("{FAE04EC0-301F-11D3-BF4B-00C04F79EFBC}") = "CustomTAgHelper", "CustomTAgHelper\CustomTAgHelper.csproj", "{7EA269D0-DA67-4763-99DA-C253F1CB5AC3}"
EndProject
Project("{FAE04EC0-301F-11D3-BF4B-00C04F79EFBC}") = "02_ViewToController", "02_ViewToController\02_ViewToController.csproj", "{0AEF8E13-B4B7-44B4-A401-171E1D904CD3}"
EndProject
Project("{FAE04EC0-301F-11D3-BF4B-00C04F79EFBC}") = "03_State_Management_Controller_To_View", "03_State_Management_Controller_To_View\03_State_Management_Controller_To_View.csproj", "{C63F146E-856F-4BF7-BB59-11D8D9F62F97}"
EndProject
Project("{FAE04EC0-301F-11D3-BF4B-00C04F79EFBC}") = "04_Ado.Net_Crud_Database_Connectivity", "04_Ado.Net_Crud_Database_Connectivity\04_Ado.Net_Crud_Database_Connectivity.csproj", "{1C2A62BE-6C83-4FA3-8D43-45AB43C42DD7}"
EndProject
Project("{FAE04EC0-301F-11D3-BF4B-00C04F79EFBC}") = "05_EFCoreDBFirstApproch", "05_EFCoreDBFirstApproch\05_EFCoreDBFirstApproch.csproj", "{1021E5AD-30E5-4ACD-9372-EBD6523779C0}"
EndProject
Project("{FAE04EC0-301F-11D3-BF4B-00C04F79EFBC}") = "06_EF_Core_CodeFirstApproch", "06_EF_Core_CodeFirstApproch\06_EF_Core_CodeFirstApproch.csproj", "{47DC0B36-7F95-45EB-BC84-0DFE4148371D}"
EndProject
Project("{2150E333-8FDC-42A3-9474-1A3956D46DE8}") = "MVC_Layer_Project", "MVC_Layer_Project", "{9DD983E5-813A-4AC8-B7A1-A48119607CDE}"
EndProject
Project("{FAE04EC0-301F-11D3-BF4B-00C04F79EFBC}") = "CORE", "07_MVC_Layer\CORE\CORE.csproj", "{DDFD2497-577B-490C-82B4-1D5DED48F417}"
EndProject
Project("{FAE04EC0-301F-11D3-BF4B-00C04F79EFBC}") = "Repositories", "07_MVC_Layer\REpositories\Repositories.csproj", "{A0E626BE-277C-4C7E-8E38-AB8D1FFB40F7}"
EndProject
Project("{FAE04EC0-301F-11D3-BF4B-00C04F79EFBC}") = "Services", "07_MVC_Layer\Services\Services.csproj", "{77D6DD1C-D3ED-460F-992D-F8FF409947C5}"
EndProject
Project("{FAE04EC0-301F-11D3-BF4B-00C04F79EFBC}") = "Web_UI", "07_MVC_Layer\Web_UI\Web_UI.csproj", "{22183BFD-F12F-4433-B9CA-A5F66F6F379D}"
EndProject
Project("{2150E333-8FDC-42A3-9474-1A3956D46DE8}") = "MVC_Layer_With_Validation", "MVC_Layer_With_Validation", "{BFFA8261-EEEB-45C8-98B8-1128EE3907CE}"
EndProject
Project("{FAE04EC0-301F-11D3-BF4B-00C04F79EFBC}") = "CORE", "08_MVC_Layer\CORE\CORE.csproj", "{52748515-C738-4C8B-9711-9A3F060AAAD1}"
EndProject
Project("{FAE04EC0-301F-11D3-BF4B-00C04F79EFBC}") = "Repositories", "08_MVC_Layer\REpositories\Repositories.csproj", "{A1005BAB-4726-4F20-A92C-DF1FAD5B8A03}"
EndProject
Project("{FAE04EC0-301F-11D3-BF4B-00C04F79EFBC}") = "Services", "08_MVC_Layer\Services\Services.csproj", "{F6A6D8B9-0ED6-429B-ABC0-8D72A4521DD4}"
EndProject
Project("{FAE04EC0-301F-11D3-BF4B-00C04F79EFBC}") = "Web_UI", "08_MVC_Layer\Web_UI\Web_UI.csproj", "{3373B234-0EB3-4E94-B195-CBF72BB3F0F1}"
EndProject
Project("{FAE04EC0-301F-11D3-BF4B-00C04F79EFBC}") = "Models", "Models\Models.csproj", "{A29CD117-77C7-4AEA-8EB9-409A0D60BEC5}"
EndProject
Global
	GlobalSection(SolutionConfigurationPlatforms) = preSolution
		Debug|Any CPU = Debug|Any CPU
		Release|Any CPU = Release|Any CPU
	EndGlobalSection
	GlobalSection(ProjectConfigurationPlatforms) = postSolution
		{49A93017-BFD6-413B-88DF-0D96F1A0989E}.Debug|Any CPU.ActiveCfg = Debug|Any CPU
		{49A93017-BFD6-413B-88DF-0D96F1A0989E}.Debug|Any CPU.Build.0 = Debug|Any CPU
		{49A93017-BFD6-413B-88DF-0D96F1A0989E}.Release|Any CPU.ActiveCfg = Release|Any CPU
		{49A93017-BFD6-413B-88DF-0D96F1A0989E}.Release|Any CPU.Build.0 = Release|Any CPU
		{7EA269D0-DA67-4763-99DA-C253F1CB5AC3}.Debug|Any CPU.ActiveCfg = Debug|Any CPU
		{7EA269D0-DA67-4763-99DA-C253F1CB5AC3}.Debug|Any CPU.Build.0 = Debug|Any CPU
		{7EA269D0-DA67-4763-99DA-C253F1CB5AC3}.Release|Any CPU.ActiveCfg = Release|Any CPU
		{7EA269D0-DA67-4763-99DA-C253F1CB5AC3}.Release|Any CPU.Build.0 = Release|Any CPU
		{0AEF8E13-B4B7-44B4-A401-171E1D904CD3}.Debug|Any CPU.ActiveCfg = Debug|Any CPU
		{0AEF8E13-B4B7-44B4-A401-171E1D904CD3}.Debug|Any CPU.Build.0 = Debug|Any CPU
		{0AEF8E13-B4B7-44B4-A401-171E1D904CD3}.Release|Any CPU.ActiveCfg = Release|Any CPU
		{0AEF8E13-B4B7-44B4-A401-171E1D904CD3}.Release|Any CPU.Build.0 = Release|Any CPU
		{C63F146E-856F-4BF7-BB59-11D8D9F62F97}.Debug|Any CPU.ActiveCfg = Debug|Any CPU
		{C63F146E-856F-4BF7-BB59-11D8D9F62F97}.Debug|Any CPU.Build.0 = Debug|Any CPU
		{C63F146E-856F-4BF7-BB59-11D8D9F62F97}.Release|Any CPU.ActiveCfg = Release|Any CPU
		{C63F146E-856F-4BF7-BB59-11D8D9F62F97}.Release|Any CPU.Build.0 = Release|Any CPU
		{1C2A62BE-6C83-4FA3-8D43-45AB43C42DD7}.Debug|Any CPU.ActiveCfg = Debug|Any CPU
		{1C2A62BE-6C83-4FA3-8D43-45AB43C42DD7}.Debug|Any CPU.Build.0 = Debug|Any CPU
		{1C2A62BE-6C83-4FA3-8D43-45AB43C42DD7}.Release|Any CPU.ActiveCfg = Release|Any CPU
		{1C2A62BE-6C83-4FA3-8D43-45AB43C42DD7}.Release|Any CPU.Build.0 = Release|Any CPU
		{1021E5AD-30E5-4ACD-9372-EBD6523779C0}.Debug|Any CPU.ActiveCfg = Debug|Any CPU
		{1021E5AD-30E5-4ACD-9372-EBD6523779C0}.Debug|Any CPU.Build.0 = Debug|Any CPU
		{1021E5AD-30E5-4ACD-9372-EBD6523779C0}.Release|Any CPU.ActiveCfg = Release|Any CPU
		{1021E5AD-30E5-4ACD-9372-EBD6523779C0}.Release|Any CPU.Build.0 = Release|Any CPU
		{47DC0B36-7F95-45EB-BC84-0DFE4148371D}.Debug|Any CPU.ActiveCfg = Debug|Any CPU
		{47DC0B36-7F95-45EB-BC84-0DFE4148371D}.Debug|Any CPU.Build.0 = Debug|Any CPU
		{47DC0B36-7F95-45EB-BC84-0DFE4148371D}.Release|Any CPU.ActiveCfg = Release|Any CPU
		{47DC0B36-7F95-45EB-BC84-0DFE4148371D}.Release|Any CPU.Build.0 = Release|Any CPU
		{DDFD2497-577B-490C-82B4-1D5DED48F417}.Debug|Any CPU.ActiveCfg = Debug|Any CPU
		{DDFD2497-577B-490C-82B4-1D5DED48F417}.Debug|Any CPU.Build.0 = Debug|Any CPU
		{DDFD2497-577B-490C-82B4-1D5DED48F417}.Release|Any CPU.ActiveCfg = Release|Any CPU
		{DDFD2497-577B-490C-82B4-1D5DED48F417}.Release|Any CPU.Build.0 = Release|Any CPU
		{A0E626BE-277C-4C7E-8E38-AB8D1FFB40F7}.Debug|Any CPU.ActiveCfg = Debug|Any CPU
		{A0E626BE-277C-4C7E-8E38-AB8D1FFB40F7}.Debug|Any CPU.Build.0 = Debug|Any CPU
		{A0E626BE-277C-4C7E-8E38-AB8D1FFB40F7}.Release|Any CPU.ActiveCfg = Release|Any CPU
		{A0E626BE-277C-4C7E-8E38-AB8D1FFB40F7}.Release|Any CPU.Build.0 = Release|Any CPU
		{77D6DD1C-D3ED-460F-992D-F8FF409947C5}.Debug|Any CPU.ActiveCfg = Debug|Any CPU
		{77D6DD1C-D3ED-460F-992D-F8FF409947C5}.Debug|Any CPU.Build.0 = Debug|Any CPU
		{77D6DD1C-D3ED-460F-992D-F8FF409947C5}.Release|Any CPU.ActiveCfg = Release|Any CPU
		{77D6DD1C-D3ED-460F-992D-F8FF409947C5}.Release|Any CPU.Build.0 = Release|Any CPU
		{22183BFD-F12F-4433-B9CA-A5F66F6F379D}.Debug|Any CPU.ActiveCfg = Debug|Any CPU
		{22183BFD-F12F-4433-B9CA-A5F66F6F379D}.Debug|Any CPU.Build.0 = Debug|Any CPU
		{22183BFD-F12F-4433-B9CA-A5F66F6F379D}.Release|Any CPU.ActiveCfg = Release|Any CPU
		{22183BFD-F12F-4433-B9CA-A5F66F6F379D}.Release|Any CPU.Build.0 = Release|Any CPU
		{52748515-C738-4C8B-9711-9A3F060AAAD1}.Debug|Any CPU.ActiveCfg = Debug|Any CPU
		{52748515-C738-4C8B-9711-9A3F060AAAD1}.Debug|Any CPU.Build.0 = Debug|Any CPU
		{52748515-C738-4C8B-9711-9A3F060AAAD1}.Release|Any CPU.ActiveCfg = Release|Any CPU
		{52748515-C738-4C8B-9711-9A3F060AAAD1}.Release|Any CPU.Build.0 = Release|Any CPU
		{A1005BAB-4726-4F20-A92C-DF1FAD5B8A03}.Debug|Any CPU.ActiveCfg = Debug|Any CPU
		{A1005BAB-4726-4F20-A92C-DF1FAD5B8A03}.Debug|Any CPU.Build.0 = Debug|Any CPU
		{A1005BAB-4726-4F20-A92C-DF1FAD5B8A03}.Release|Any CPU.ActiveCfg = Release|Any CPU
		{A1005BAB-4726-4F20-A92C-DF1FAD5B8A03}.Release|Any CPU.Build.0 = Release|Any CPU
		{F6A6D8B9-0ED6-429B-ABC0-8D72A4521DD4}.Debug|Any CPU.ActiveCfg = Debug|Any CPU
		{F6A6D8B9-0ED6-429B-ABC0-8D72A4521DD4}.Debug|Any CPU.Build.0 = Debug|Any CPU
		{F6A6D8B9-0ED6-429B-ABC0-8D72A4521DD4}.Release|Any CPU.ActiveCfg = Release|Any CPU
		{F6A6D8B9-0ED6-429B-ABC0-8D72A4521DD4}.Release|Any CPU.Build.0 = Release|Any CPU
		{3373B234-0EB3-4E94-B195-CBF72BB3F0F1}.Debug|Any CPU.ActiveCfg = Debug|Any CPU
		{3373B234-0EB3-4E94-B195-CBF72BB3F0F1}.Debug|Any CPU.Build.0 = Debug|Any CPU
		{3373B234-0EB3-4E94-B195-CBF72BB3F0F1}.Release|Any CPU.ActiveCfg = Release|Any CPU
		{3373B234-0EB3-4E94-B195-CBF72BB3F0F1}.Release|Any CPU.Build.0 = Release|Any CPU
		{A29CD117-77C7-4AEA-8EB9-409A0D60BEC5}.Debug|Any CPU.ActiveCfg = Debug|Any CPU
		{A29CD117-77C7-4AEA-8EB9-409A0D60BEC5}.Debug|Any CPU.Build.0 = Debug|Any CPU
		{A29CD117-77C7-4AEA-8EB9-409A0D60BEC5}.Release|Any CPU.ActiveCfg = Release|Any CPU
		{A29CD117-77C7-4AEA-8EB9-409A0D60BEC5}.Release|Any CPU.Build.0 = Release|Any CPU
	EndGlobalSection
	GlobalSection(SolutionProperties) = preSolution
		HideSolutionNode = FALSE
	EndGlobalSection
	GlobalSection(NestedProjects) = preSolution
		{DDFD2497-577B-490C-82B4-1D5DED48F417} = {9DD983E5-813A-4AC8-B7A1-A48119607CDE}
		{A0E626BE-277C-4C7E-8E38-AB8D1FFB40F7} = {9DD983E5-813A-4AC8-B7A1-A48119607CDE}
		{77D6DD1C-D3ED-460F-992D-F8FF409947C5} = {9DD983E5-813A-4AC8-B7A1-A48119607CDE}
		{22183BFD-F12F-4433-B9CA-A5F66F6F379D} = {9DD983E5-813A-4AC8-B7A1-A48119607CDE}
		{52748515-C738-4C8B-9711-9A3F060AAAD1} = {BFFA8261-EEEB-45C8-98B8-1128EE3907CE}
		{A1005BAB-4726-4F20-A92C-DF1FAD5B8A03} = {BFFA8261-EEEB-45C8-98B8-1128EE3907CE}
		{F6A6D8B9-0ED6-429B-ABC0-8D72A4521DD4} = {BFFA8261-EEEB-45C8-98B8-1128EE3907CE}
		{3373B234-0EB3-4E94-B195-CBF72BB3F0F1} = {BFFA8261-EEEB-45C8-98B8-1128EE3907CE}
		{A29CD117-77C7-4AEA-8EB9-409A0D60BEC5} = {BFFA8261-EEEB-45C8-98B8-1128EE3907CE}
	EndGlobalSection
EndGlobal
