
Microsoft Visual Studio Solution File, Format Version 12.00
# Visual Studio Version 17
VisualStudioVersion = 17.12.35514.174
MinimumVisualStudioVersion = 10.0.40219.1
Project("{FAE04EC0-301F-11D3-BF4B-00C04F79EFBC}") = "01_Math_Library", "01_Math_Library\01_Math_Library.csproj", "{8B48340F-FCDB-4CD9-9FF9-13751539BF97}"
EndProject
Project("{FAE04EC0-301F-11D3-BF4B-00C04F79EFBC}") = "01_Client", "01_Client\01_Client.csproj", "{1F560460-51FF-4A13-9B9F-0E4D3C781DCF}"
EndProject
Project("{FAE04EC0-301F-11D3-BF4B-00C04F79EFBC}") = "02_Garabge_Collector", "02_Garabge_Collector\02_Garabge_Collector.csproj", "{4C8E32BC-A353-4B3C-A855-FC2DCC0A8821}"
EndProject
Project("{FAE04EC0-301F-11D3-BF4B-00C04F79EFBC}") = "03_Math_library", "03_Math_library\03_Math_library.csproj", "{D1936A78-5979-4443-AFD4-09181864297D}"
EndProject
Project("{FAE04EC0-301F-11D3-BF4B-00C04F79EFBC}") = "03_msTest", "03_msTest\03_msTest.csproj", "{11B34FF0-27ED-4AAD-B525-72E4AC2BAE88}"
EndProject
Project("{FAE04EC0-301F-11D3-BF4B-00C04F79EFBC}") = "04_Math_Library", "04_Math_Library\04_Math_Library.csproj", "{5E9A215A-5549-4CCA-8AED-212383AE7AC8}"
EndProject
Project("{FAE04EC0-301F-11D3-BF4B-00C04F79EFBC}") = "04_NUnit_Testing", "04_NUnit_Testing\04_NUnit_Testing.csproj", "{4DD3FC59-4D66-45C3-890D-26B907AEAF60}"
EndProject
Project("{FAE04EC0-301F-11D3-BF4B-00C04F79EFBC}") = "05_Math_library_for_Xunit", "05_Math_library_for_Xunit\05_Math_library_for_Xunit.csproj", "{F37B83DB-FFC1-4CC1-9E9D-DE662964EED1}"
EndProject
Project("{FAE04EC0-301F-11D3-BF4B-00C04F79EFBC}") = "05_XUnitTesting", "05_XUnitTesting\05_XUnitTesting.csproj", "{F21D5C44-BF1E-44BB-B647-27792CFDEF59}"
EndProject
Project("{2150E333-8FDC-42A3-9474-1A3956D46DE8}") = "06_Mvc_Testing_With_Category", "06_Mvc_Testing_With_Category", "{12B47310-1CA1-46FE-8CB1-0499D7F378C1}"
EndProject
Project("{FAE04EC0-301F-11D3-BF4B-00C04F79EFBC}") = "DAL", "DAL\DAL.csproj", "{2DAA3EF6-3302-4E50-B75E-52513732A6AC}"
EndProject
Project("{FAE04EC0-301F-11D3-BF4B-00C04F79EFBC}") = "Repository", "Repository\Repository.csproj", "{E42215EF-AC58-4BE3-BFFF-B679ED47C5FA}"
EndProject
Project("{FAE04EC0-301F-11D3-BF4B-00C04F79EFBC}") = "BAL", "BAL\BAL.csproj", "{FCDE848D-7C70-47A7-BE39-4BEBA7B1686D}"
EndProject
Project("{FAE04EC0-301F-11D3-BF4B-00C04F79EFBC}") = "WEB_UI", "WEB_UI\WEB_UI.csproj", "{1490480D-3C6E-447F-BC4E-9DCA0ACE98FC}"
EndProject
Project("{FAE04EC0-301F-11D3-BF4B-00C04F79EFBC}") = "Web_UI_Test", "Web_UI_Test\Web_UI_Test.csproj", "{DF018F0A-8427-4EB6-AF78-6605A34C3558}"
EndProject
Project("{FAE04EC0-301F-11D3-BF4B-00C04F79EFBC}") = "Web_Ui_Test_For_Product", "Web_Ui_Test_For_Product\Web_Ui_Test_For_Product.csproj", "{0F335CBD-2C26-4CF4-8F03-AD512FA24E22}"
EndProject
Global
	GlobalSection(SolutionConfigurationPlatforms) = preSolution
		Debug|Any CPU = Debug|Any CPU
		Release|Any CPU = Release|Any CPU
	EndGlobalSection
	GlobalSection(ProjectConfigurationPlatforms) = postSolution
		{8B48340F-FCDB-4CD9-9FF9-13751539BF97}.Debug|Any CPU.ActiveCfg = Debug|Any CPU
		{8B48340F-FCDB-4CD9-9FF9-13751539BF97}.Debug|Any CPU.Build.0 = Debug|Any CPU
		{8B48340F-FCDB-4CD9-9FF9-13751539BF97}.Release|Any CPU.ActiveCfg = Release|Any CPU
		{8B48340F-FCDB-4CD9-9FF9-13751539BF97}.Release|Any CPU.Build.0 = Release|Any CPU
		{1F560460-51FF-4A13-9B9F-0E4D3C781DCF}.Debug|Any CPU.ActiveCfg = Debug|Any CPU
		{1F560460-51FF-4A13-9B9F-0E4D3C781DCF}.Debug|Any CPU.Build.0 = Debug|Any CPU
		{1F560460-51FF-4A13-9B9F-0E4D3C781DCF}.Release|Any CPU.ActiveCfg = Release|Any CPU
		{1F560460-51FF-4A13-9B9F-0E4D3C781DCF}.Release|Any CPU.Build.0 = Release|Any CPU
		{4C8E32BC-A353-4B3C-A855-FC2DCC0A8821}.Debug|Any CPU.ActiveCfg = Debug|Any CPU
		{4C8E32BC-A353-4B3C-A855-FC2DCC0A8821}.Debug|Any CPU.Build.0 = Debug|Any CPU
		{4C8E32BC-A353-4B3C-A855-FC2DCC0A8821}.Release|Any CPU.ActiveCfg = Release|Any CPU
		{4C8E32BC-A353-4B3C-A855-FC2DCC0A8821}.Release|Any CPU.Build.0 = Release|Any CPU
		{D1936A78-5979-4443-AFD4-09181864297D}.Debug|Any CPU.ActiveCfg = Debug|Any CPU
		{D1936A78-5979-4443-AFD4-09181864297D}.Debug|Any CPU.Build.0 = Debug|Any CPU
		{D1936A78-5979-4443-AFD4-09181864297D}.Release|Any CPU.ActiveCfg = Release|Any CPU
		{D1936A78-5979-4443-AFD4-09181864297D}.Release|Any CPU.Build.0 = Release|Any CPU
		{11B34FF0-27ED-4AAD-B525-72E4AC2BAE88}.Debug|Any CPU.ActiveCfg = Debug|Any CPU
		{11B34FF0-27ED-4AAD-B525-72E4AC2BAE88}.Debug|Any CPU.Build.0 = Debug|Any CPU
		{11B34FF0-27ED-4AAD-B525-72E4AC2BAE88}.Release|Any CPU.ActiveCfg = Release|Any CPU
		{11B34FF0-27ED-4AAD-B525-72E4AC2BAE88}.Release|Any CPU.Build.0 = Release|Any CPU
		{5E9A215A-5549-4CCA-8AED-212383AE7AC8}.Debug|Any CPU.ActiveCfg = Debug|Any CPU
		{5E9A215A-5549-4CCA-8AED-212383AE7AC8}.Debug|Any CPU.Build.0 = Debug|Any CPU
		{5E9A215A-5549-4CCA-8AED-212383AE7AC8}.Release|Any CPU.ActiveCfg = Release|Any CPU
		{5E9A215A-5549-4CCA-8AED-212383AE7AC8}.Release|Any CPU.Build.0 = Release|Any CPU
		{4DD3FC59-4D66-45C3-890D-26B907AEAF60}.Debug|Any CPU.ActiveCfg = Debug|Any CPU
		{4DD3FC59-4D66-45C3-890D-26B907AEAF60}.Debug|Any CPU.Build.0 = Debug|Any CPU
		{4DD3FC59-4D66-45C3-890D-26B907AEAF60}.Release|Any CPU.ActiveCfg = Release|Any CPU
		{4DD3FC59-4D66-45C3-890D-26B907AEAF60}.Release|Any CPU.Build.0 = Release|Any CPU
		{F37B83DB-FFC1-4CC1-9E9D-DE662964EED1}.Debug|Any CPU.ActiveCfg = Debug|Any CPU
		{F37B83DB-FFC1-4CC1-9E9D-DE662964EED1}.Debug|Any CPU.Build.0 = Debug|Any CPU
		{F37B83DB-FFC1-4CC1-9E9D-DE662964EED1}.Release|Any CPU.ActiveCfg = Release|Any CPU
		{F37B83DB-FFC1-4CC1-9E9D-DE662964EED1}.Release|Any CPU.Build.0 = Release|Any CPU
		{F21D5C44-BF1E-44BB-B647-27792CFDEF59}.Debug|Any CPU.ActiveCfg = Debug|Any CPU
		{F21D5C44-BF1E-44BB-B647-27792CFDEF59}.Debug|Any CPU.Build.0 = Debug|Any CPU
		{F21D5C44-BF1E-44BB-B647-27792CFDEF59}.Release|Any CPU.ActiveCfg = Release|Any CPU
		{F21D5C44-BF1E-44BB-B647-27792CFDEF59}.Release|Any CPU.Build.0 = Release|Any CPU
		{2DAA3EF6-3302-4E50-B75E-52513732A6AC}.Debug|Any CPU.ActiveCfg = Debug|Any CPU
		{2DAA3EF6-3302-4E50-B75E-52513732A6AC}.Debug|Any CPU.Build.0 = Debug|Any CPU
		{2DAA3EF6-3302-4E50-B75E-52513732A6AC}.Release|Any CPU.ActiveCfg = Release|Any CPU
		{2DAA3EF6-3302-4E50-B75E-52513732A6AC}.Release|Any CPU.Build.0 = Release|Any CPU
		{E42215EF-AC58-4BE3-BFFF-B679ED47C5FA}.Debug|Any CPU.ActiveCfg = Debug|Any CPU
		{E42215EF-AC58-4BE3-BFFF-B679ED47C5FA}.Debug|Any CPU.Build.0 = Debug|Any CPU
		{E42215EF-AC58-4BE3-BFFF-B679ED47C5FA}.Release|Any CPU.ActiveCfg = Release|Any CPU
		{E42215EF-AC58-4BE3-BFFF-B679ED47C5FA}.Release|Any CPU.Build.0 = Release|Any CPU
		{FCDE848D-7C70-47A7-BE39-4BEBA7B1686D}.Debug|Any CPU.ActiveCfg = Debug|Any CPU
		{FCDE848D-7C70-47A7-BE39-4BEBA7B1686D}.Debug|Any CPU.Build.0 = Debug|Any CPU
		{FCDE848D-7C70-47A7-BE39-4BEBA7B1686D}.Release|Any CPU.ActiveCfg = Release|Any CPU
		{FCDE848D-7C70-47A7-BE39-4BEBA7B1686D}.Release|Any CPU.Build.0 = Release|Any CPU
		{1490480D-3C6E-447F-BC4E-9DCA0ACE98FC}.Debug|Any CPU.ActiveCfg = Debug|Any CPU
		{1490480D-3C6E-447F-BC4E-9DCA0ACE98FC}.Debug|Any CPU.Build.0 = Debug|Any CPU
		{1490480D-3C6E-447F-BC4E-9DCA0ACE98FC}.Release|Any CPU.ActiveCfg = Release|Any CPU
		{1490480D-3C6E-447F-BC4E-9DCA0ACE98FC}.Release|Any CPU.Build.0 = Release|Any CPU
		{DF018F0A-8427-4EB6-AF78-6605A34C3558}.Debug|Any CPU.ActiveCfg = Debug|Any CPU
		{DF018F0A-8427-4EB6-AF78-6605A34C3558}.Debug|Any CPU.Build.0 = Debug|Any CPU
		{DF018F0A-8427-4EB6-AF78-6605A34C3558}.Release|Any CPU.ActiveCfg = Release|Any CPU
		{DF018F0A-8427-4EB6-AF78-6605A34C3558}.Release|Any CPU.Build.0 = Release|Any CPU
		{0F335CBD-2C26-4CF4-8F03-AD512FA24E22}.Debug|Any CPU.ActiveCfg = Debug|Any CPU
		{0F335CBD-2C26-4CF4-8F03-AD512FA24E22}.Debug|Any CPU.Build.0 = Debug|Any CPU
		{0F335CBD-2C26-4CF4-8F03-AD512FA24E22}.Release|Any CPU.ActiveCfg = Release|Any CPU
		{0F335CBD-2C26-4CF4-8F03-AD512FA24E22}.Release|Any CPU.Build.0 = Release|Any CPU
	EndGlobalSection
	GlobalSection(SolutionProperties) = preSolution
		HideSolutionNode = FALSE
	EndGlobalSection
	GlobalSection(NestedProjects) = preSolution
		{2DAA3EF6-3302-4E50-B75E-52513732A6AC} = {12B47310-1CA1-46FE-8CB1-0499D7F378C1}
		{E42215EF-AC58-4BE3-BFFF-B679ED47C5FA} = {12B47310-1CA1-46FE-8CB1-0499D7F378C1}
		{FCDE848D-7C70-47A7-BE39-4BEBA7B1686D} = {12B47310-1CA1-46FE-8CB1-0499D7F378C1}
		{1490480D-3C6E-447F-BC4E-9DCA0ACE98FC} = {12B47310-1CA1-46FE-8CB1-0499D7F378C1}
		{DF018F0A-8427-4EB6-AF78-6605A34C3558} = {12B47310-1CA1-46FE-8CB1-0499D7F378C1}
		{0F335CBD-2C26-4CF4-8F03-AD512FA24E22} = {12B47310-1CA1-46FE-8CB1-0499D7F378C1}
	EndGlobalSection
EndGlobal
