
Microsoft Visual Studio Solution File, Format Version 12.00
# Visual Studio Version 17
VisualStudioVersion = 17.12.35514.174
MinimumVisualStudioVersion = 10.0.40219.1
Project("{FAE04EC0-301F-11D3-BF4B-00C04F79EFBC}") = "01_Math_Library", "01_Math_Library\01_Math_Library.csproj", "{8B48340F-FCDB-4CD9-9FF9-13751539BF97}"
EndProject
Project("{FAE04EC0-301F-11D3-BF4B-00C04F79EFBC}") = "01_Client", "01_Client\01_Client.csproj", "{1F560460-51FF-4A13-9B9F-0E4D3C781DCF}"
EndProject
Project("{FAE04EC0-301F-11D3-BF4B-00C04F79EFBC}") = "02_Garabge_Collector", "02_Garabge_Collector\02_Garabge_Collector.csproj", "{4C8E32BC-A353-4B3C-A855-FC2DCC0A8821}"
EndProject
Project("{FAE04EC0-301F-11D3-BF4B-00C04F79EFBC}") = "03_Math_library", "03_Math_library\03_Math_library.csproj", "{D1936A78-5979-4443-AFD4-09181864297D}"
EndProject
Project("{FAE04EC0-301F-11D3-BF4B-00C04F79EFBC}") = "03_msTest", "03_msTest\03_msTest.csproj", "{11B34FF0-27ED-4AAD-B525-72E4AC2BAE88}"
EndProject
Project("{FAE04EC0-301F-11D3-BF4B-00C04F79EFBC}") = "04_Math_Library", "04_Math_Library\04_Math_Library.csproj", "{5E9A215A-5549-4CCA-8AED-212383AE7AC8}"
EndProject
Project("{FAE04EC0-301F-11D3-BF4B-00C04F79EFBC}") = "04_NUnit_Testing", "04_NUnit_Testing\04_NUnit_Testing.csproj", "{4DD3FC59-4D66-45C3-890D-26B907AEAF60}"
EndProject
Global
	GlobalSection(SolutionConfigurationPlatforms) = preSolution
		Debug|Any CPU = Debug|Any CPU
		Release|Any CPU = Release|Any CPU
	EndGlobalSection
	GlobalSection(ProjectConfigurationPlatforms) = postSolution
		{8B48340F-FCDB-4CD9-9FF9-13751539BF97}.Debug|Any CPU.ActiveCfg = Debug|Any CPU
		{8B48340F-FCDB-4CD9-9FF9-13751539BF97}.Debug|Any CPU.Build.0 = Debug|Any CPU
		{8B48340F-FCDB-4CD9-9FF9-13751539BF97}.Release|Any CPU.ActiveCfg = Release|Any CPU
		{8B48340F-FCDB-4CD9-9FF9-13751539BF97}.Release|Any CPU.Build.0 = Release|Any CPU
		{1F560460-51FF-4A13-9B9F-0E4D3C781DCF}.Debug|Any CPU.ActiveCfg = Debug|Any CPU
		{1F560460-51FF-4A13-9B9F-0E4D3C781DCF}.Debug|Any CPU.Build.0 = Debug|Any CPU
		{1F560460-51FF-4A13-9B9F-0E4D3C781DCF}.Release|Any CPU.ActiveCfg = Release|Any CPU
		{1F560460-51FF-4A13-9B9F-0E4D3C781DCF}.Release|Any CPU.Build.0 = Release|Any CPU
		{4C8E32BC-A353-4B3C-A855-FC2DCC0A8821}.Debug|Any CPU.ActiveCfg = Debug|Any CPU
		{4C8E32BC-A353-4B3C-A855-FC2DCC0A8821}.Debug|Any CPU.Build.0 = Debug|Any CPU
		{4C8E32BC-A353-4B3C-A855-FC2DCC0A8821}.Release|Any CPU.ActiveCfg = Release|Any CPU
		{4C8E32BC-A353-4B3C-A855-FC2DCC0A8821}.Release|Any CPU.Build.0 = Release|Any CPU
		{D1936A78-5979-4443-AFD4-09181864297D}.Debug|Any CPU.ActiveCfg = Debug|Any CPU
		{D1936A78-5979-4443-AFD4-09181864297D}.Debug|Any CPU.Build.0 = Debug|Any CPU
		{D1936A78-5979-4443-AFD4-09181864297D}.Release|Any CPU.ActiveCfg = Release|Any CPU
		{D1936A78-5979-4443-AFD4-09181864297D}.Release|Any CPU.Build.0 = Release|Any CPU
		{11B34FF0-27ED-4AAD-B525-72E4AC2BAE88}.Debug|Any CPU.ActiveCfg = Debug|Any CPU
		{11B34FF0-27ED-4AAD-B525-72E4AC2BAE88}.Debug|Any CPU.Build.0 = Debug|Any CPU
		{11B34FF0-27ED-4AAD-B525-72E4AC2BAE88}.Release|Any CPU.ActiveCfg = Release|Any CPU
		{11B34FF0-27ED-4AAD-B525-72E4AC2BAE88}.Release|Any CPU.Build.0 = Release|Any CPU
		{5E9A215A-5549-4CCA-8AED-212383AE7AC8}.Debug|Any CPU.ActiveCfg = Debug|Any CPU
		{5E9A215A-5549-4CCA-8AED-212383AE7AC8}.Debug|Any CPU.Build.0 = Debug|Any CPU
		{5E9A215A-5549-4CCA-8AED-212383AE7AC8}.Release|Any CPU.ActiveCfg = Release|Any CPU
		{5E9A215A-5549-4CCA-8AED-212383AE7AC8}.Release|Any CPU.Build.0 = Release|Any CPU
		{4DD3FC59-4D66-45C3-890D-26B907AEAF60}.Debug|Any CPU.ActiveCfg = Debug|Any CPU
		{4DD3FC59-4D66-45C3-890D-26B907AEAF60}.Debug|Any CPU.Build.0 = Debug|Any CPU
		{4DD3FC59-4D66-45C3-890D-26B907AEAF60}.Release|Any CPU.ActiveCfg = Release|Any CPU
		{4DD3FC59-4D66-45C3-890D-26B907AEAF60}.Release|Any CPU.Build.0 = Release|Any CPU
	EndGlobalSection
	GlobalSection(SolutionProperties) = preSolution
		HideSolutionNode = FALSE
	EndGlobalSection
EndGlobal
